
Microsoft Visual Studio Solution File, Format Version 12.00
# Visual Studio 14
VisualStudioVersion = 14.0.25420.1
MinimumVisualStudioVersion = 10.0.40219.1
Project("{2150E333-8FDC-42A3-9474-1A3956D46DE8}") = "_Libraries", "_Libraries", "{B882F4C6-8A28-44A3-B87F-5F729EFFA00F}"
EndProject
Project("{2150E333-8FDC-42A3-9474-1A3956D46DE8}") = "Setup", "Setup", "{18A23FA7-C8EE-495D-BACA-D4A30860D407}"
	ProjectSection(SolutionItems) = preProject
		CompareDatabases\CompareDatabasesSetup\Setup.iss = CompareDatabases\CompareDatabasesSetup\Setup.iss
	EndProjectSection
EndProject
Project("{FAE04EC0-301F-11D3-BF4B-00C04F79EFBC}") = "DVDProfilerHelper", "DVDProfilerXML\DVDProfilerHelper\DVDProfilerHelper\DVDProfilerHelper.csproj", "{461DACCA-8EBF-4C03-AD1A-C438E4EB3B36}"
EndProject
Project("{FAE04EC0-301F-11D3-BF4B-00C04F79EFBC}") = "DVDProfilerXML", "DVDProfilerXML\DVDProfilerXML\DVDProfilerXML.csproj", "{2E90CC6F-892E-45B3-8812-EE52FFA3B222}"
EndProject
Project("{FAE04EC0-301F-11D3-BF4B-00C04F79EFBC}") = "ToolBox", "ToolBox\ToolBox\ToolBox.csproj", "{4782E10E-B5CC-4C2D-9D7F-D132CB5A50A0}"
EndProject
Project("{FAE04EC0-301F-11D3-BF4B-00C04F79EFBC}") = "CompareDatabasesLibrary", "CompareDatabases\CompareDatabasesLibrary\CompareDatabasesLibrary.csproj", "{4FEF59D6-7EE7-4BDF-974D-8FEFF15EE5B4}"
EndProject
Project("{FAE04EC0-301F-11D3-BF4B-00C04F79EFBC}") = "CompareDatabasesPlugin", "CompareDatabases\CompareDatabasesPlugin\CompareDatabasesPlugin.csproj", "{574C52AE-DAEB-4843-8E8F-E5823897CB67}"
EndProject
Project("{FAE04EC0-301F-11D3-BF4B-00C04F79EFBC}") = "CompareDatabases", "CompareDatabases\CompareDatabases\CompareDatabases.csproj", "{CB41800A-2D36-4FC1-8D5F-EE325057631F}"
	ProjectSection(ProjectDependencies) = postProject
		{574C52AE-DAEB-4843-8E8F-E5823897CB67} = {574C52AE-DAEB-4843-8E8F-E5823897CB67}
	EndProjectSection
EndProject
Project("{FAE04EC0-301F-11D3-BF4B-00C04F79EFBC}") = "Core", "Microsoft.WindowsAPICodePack\Core\Core.csproj", "{2E1FB0DF-F9BB-4909-9F32-2D9D022A8E57}"
EndProject
Project("{FAE04EC0-301F-11D3-BF4B-00C04F79EFBC}") = "Shell", "Microsoft.WindowsAPICodePack\Shell\Shell.csproj", "{AA0C00CB-8699-4F37-BFAE-40CA87ACC06D}"
EndProject
Global
	GlobalSection(SolutionConfigurationPlatforms) = preSolution
		Debug|x86 = Debug|x86
	EndGlobalSection
	GlobalSection(ProjectConfigurationPlatforms) = postSolution
		{461DACCA-8EBF-4C03-AD1A-C438E4EB3B36}.Debug|x86.ActiveCfg = Debug|x86
		{461DACCA-8EBF-4C03-AD1A-C438E4EB3B36}.Debug|x86.Build.0 = Debug|x86
		{2E90CC6F-892E-45B3-8812-EE52FFA3B222}.Debug|x86.ActiveCfg = Debug|x86
		{2E90CC6F-892E-45B3-8812-EE52FFA3B222}.Debug|x86.Build.0 = Debug|x86
		{4782E10E-B5CC-4C2D-9D7F-D132CB5A50A0}.Debug|x86.ActiveCfg = Debug|x86
		{4782E10E-B5CC-4C2D-9D7F-D132CB5A50A0}.Debug|x86.Build.0 = Debug|x86
		{4FEF59D6-7EE7-4BDF-974D-8FEFF15EE5B4}.Debug|x86.ActiveCfg = Debug|x86
		{4FEF59D6-7EE7-4BDF-974D-8FEFF15EE5B4}.Debug|x86.Build.0 = Debug|x86
		{574C52AE-DAEB-4843-8E8F-E5823897CB67}.Debug|x86.ActiveCfg = Debug|x86
		{574C52AE-DAEB-4843-8E8F-E5823897CB67}.Debug|x86.Build.0 = Debug|x86
		{CB41800A-2D36-4FC1-8D5F-EE325057631F}.Debug|x86.ActiveCfg = Debug|x86
		{CB41800A-2D36-4FC1-8D5F-EE325057631F}.Debug|x86.Build.0 = Debug|x86
		{2E1FB0DF-F9BB-4909-9F32-2D9D022A8E57}.Debug|x86.ActiveCfg = Debug|x86
		{2E1FB0DF-F9BB-4909-9F32-2D9D022A8E57}.Debug|x86.Build.0 = Debug|x86
		{AA0C00CB-8699-4F37-BFAE-40CA87ACC06D}.Debug|x86.ActiveCfg = Debug|x86
		{AA0C00CB-8699-4F37-BFAE-40CA87ACC06D}.Debug|x86.Build.0 = Debug|x86
	EndGlobalSection
	GlobalSection(SolutionProperties) = preSolution
		HideSolutionNode = FALSE
	EndGlobalSection
	GlobalSection(NestedProjects) = preSolution
		{461DACCA-8EBF-4C03-AD1A-C438E4EB3B36} = {B882F4C6-8A28-44A3-B87F-5F729EFFA00F}
		{2E90CC6F-892E-45B3-8812-EE52FFA3B222} = {B882F4C6-8A28-44A3-B87F-5F729EFFA00F}
		{4782E10E-B5CC-4C2D-9D7F-D132CB5A50A0} = {B882F4C6-8A28-44A3-B87F-5F729EFFA00F}
		{2E1FB0DF-F9BB-4909-9F32-2D9D022A8E57} = {B882F4C6-8A28-44A3-B87F-5F729EFFA00F}
		{AA0C00CB-8699-4F37-BFAE-40CA87ACC06D} = {B882F4C6-8A28-44A3-B87F-5F729EFFA00F}
	EndGlobalSection
EndGlobal
